{
  "name": "eml-crawler",
  "version": "1.0.0",
  "lockfileVersion": 1,
  "requires": true,
  "dependencies": {
    "@types/node": {
      "version": "11.13.7",
      "resolved": "https://registry.npmjs.org/@types/node/-/node-11.13.7.tgz",
      "integrity": "sha512-suFHr6hcA9mp8vFrZTgrmqW2ZU3mbWsryQtQlY/QvwTISCw7nw/j+bCQPPohqmskhmqa5wLNuMHTTsc+xf1MQg==",
      "dev": true
    },
    "const-max-uint32": {
      "version": "1.0.2",
      "resolved": "https://registry.npmjs.org/const-max-uint32/-/const-max-uint32-1.0.2.tgz",
      "integrity": "sha1-8Am7YjDmeO2HTdLWqc2ePL+rtnY="
    },
    "csv-stringify": {
      "version": "5.3.0",
      "resolved": "https://registry.npmjs.org/csv-stringify/-/csv-stringify-5.3.0.tgz",
      "integrity": "sha512-VMYPbE8zWz475smwqb9VbX9cj0y4J0PBl59UdcqzLkzXHZZ8dh4Rmbb0ZywsWEtUml4A96Hn7Q5MW9ppVghYzg==",
      "requires": {
        "lodash.get": "~4.4.2"
      }
    },
    "debug": {
      "version": "2.6.9",
      "resolved": "https://registry.npmjs.org/debug/-/debug-2.6.9.tgz",
      "integrity": "sha512-bC7ElrdJaJnPbAP+1EotYvqZsb3ecl5wi6Bfi6BJTUcNowp6cvspg0jXznRTKDjm/E7AdgFBVeAPVMNcKGsHMA==",
      "requires": {
        "ms": "2.0.0"
      }
    },
    "eml-format": {
      "version": "0.5.0",
      "resolved": "https://registry.npmjs.org/eml-format/-/eml-format-0.5.0.tgz",
      "integrity": "sha1-ktVsOJsSxbgYDaPfy1LsXTGbb6k="
    },
    "findit": {
      "version": "2.0.0",
      "resolved": "https://registry.npmjs.org/findit/-/findit-2.0.0.tgz",
      "integrity": "sha1-ZQnwEmr0wXhVHPqZOU4DLhOk1W4="
    },
    "inherits": {
      "version": "2.0.3",
      "resolved": "https://registry.npmjs.org/inherits/-/inherits-2.0.3.tgz",
      "integrity": "sha1-Yzwsg+PaQqUC9SRmAiSA9CCCYd4="
    },
    "lancaster-stemmer": {
      "version": "1.0.3",
      "resolved": "https://registry.npmjs.org/lancaster-stemmer/-/lancaster-stemmer-1.0.3.tgz",
      "integrity": "sha512-3Ue/Ug6c6Kni4CS0kURIlzO1eenDmiQPI0/kVZZtZ8J8IfDBSKVmziZYcddBj9LE9lUDht61jTU+qEX7298E+w=="
    },
    "lodash.get": {
      "version": "4.4.2",
      "resolved": "https://registry.npmjs.org/lodash.get/-/lodash.get-4.4.2.tgz",
      "integrity": "sha1-LRd/ZS+jHpObRDjVNBSZ36OCXpk="
    },
    "ms": {
      "version": "2.0.0",
      "resolved": "https://registry.npmjs.org/ms/-/ms-2.0.0.tgz",
      "integrity": "sha1-VgiurfwAvmwpAd9fmGF4jeDVl8g="
    },
    "readable-stream": {
      "version": "3.3.0",
      "resolved": "https://registry.npmjs.org/readable-stream/-/readable-stream-3.3.0.tgz",
      "integrity": "sha512-EsI+s3k3XsW+fU8fQACLN59ky34AZ14LoeVZpYwmZvldCFo0r0gnelwF2TcMjLor/BTL5aDJVBMkss0dthToPw==",
      "requires": {
        "inherits": "^2.0.3",
        "string_decoder": "^1.1.1",
        "util-deprecate": "^1.0.1"
      }
    },
    "safe-buffer": {
      "version": "5.1.2",
      "resolved": "https://registry.npmjs.org/safe-buffer/-/safe-buffer-5.1.2.tgz",
      "integrity": "sha512-Gd2UZBJDkXlY7GbJxfsE8/nvKkUEU1G38c1siN6QP6a9PT9MmHB8GnpscSmMJSoF8LOIrt8ud/wPtojys4G6+g=="
    },
    "sprintf-js": {
      "version": "1.1.2",
      "resolved": "https://registry.npmjs.org/sprintf-js/-/sprintf-js-1.1.2.tgz",
      "integrity": "sha512-VE0SOVEHCk7Qc8ulkWw3ntAzXuqf7S2lvwQaDLRnUeIEaKNQJzV6BwmLKhOqT61aGhfUMrXeaBk+oDGCzvhcug=="
    },
    "stemmer": {
      "version": "1.0.3",
      "resolved": "https://registry.npmjs.org/stemmer/-/stemmer-1.0.3.tgz",
      "integrity": "sha512-OHF/1kDQdV/8omIFGk7vCSZOnJ7RAk5nsbm2AVNiUrWpdKSNihQp0OODezjC7cd6ZcSgSaKCDPDjWDty2UQNDg=="
    },
    "stream-parser": {
      "version": "0.3.1",
      "resolved": "https://registry.npmjs.org/stream-parser/-/stream-parser-0.3.1.tgz",
      "integrity": "sha1-FhhUhpRCACGhGC/wrxkRwSl2F3M=",
      "requires": {
        "debug": "2"
      }
    },
    "string_decoder": {
      "version": "1.2.0",
      "resolved": "https://registry.npmjs.org/string_decoder/-/string_decoder-1.2.0.tgz",
      "integrity": "sha512-6YqyX6ZWEYguAxgZzHGL7SsCeGx3V2TtOTqZz1xSTSWnqsbWwbptafNyvf/ACquZUXV3DANr5BDIwNYe1mN42w==",
      "requires": {
        "safe-buffer": "~5.1.0"
      }
    },
    "text-miner": {
      "version": "1.0.6",
      "resolved": "https://registry.npmjs.org/text-miner/-/text-miner-1.0.6.tgz",
      "integrity": "sha512-jd7in4washeG8DIrKegmG0pAFW8FhKyR+Yn+f+M/JBdV6DEA8zzO/2LZG5X9G39d/8LJzNUFFjdS4Zn1A7AmAQ==",
      "requires": {
        "lancaster-stemmer": "^1.0.0",
        "stemmer": "^1.0.0",
        "underscore": "~1.8.2",
        "underscore.string": "^3.2.2",
        "utils-define-read-only-property": "^1.0.0",
        "validate.io-array-like": "^1.0.1",
        "validate.io-boolean-primitive": "^1.0.0",
        "validate.io-object": "^1.0.4",
        "validate.io-object-array": "^1.0.0",
        "validate.io-string-array": "^1.0.0",
        "validate.io-string-primitive": "^1.0.0"
      }
    },
    "throttle": {
      "version": "1.0.3",
      "resolved": "https://registry.npmjs.org/throttle/-/throttle-1.0.3.tgz",
      "integrity": "sha1-ijLkoV8XY9mXlIMXxevjrYpB5Lc=",
      "requires": {
        "readable-stream": ">= 0.3.0",
        "stream-parser": ">= 0.0.2"
      }
    },
    "underscore": {
      "version": "1.8.3",
      "resolved": "https://registry.npmjs.org/underscore/-/underscore-1.8.3.tgz",
      "integrity": "sha1-Tz+1OxBuYJf8+ctBCfKl6b36UCI="
    },
    "underscore.string": {
      "version": "3.3.5",
      "resolved": "https://registry.npmjs.org/underscore.string/-/underscore.string-3.3.5.tgz",
      "integrity": "sha512-g+dpmgn+XBneLmXXo+sGlW5xQEt4ErkS3mgeN2GFbremYeMBSJKr9Wf2KJplQVaiPY/f7FN6atosWYNm9ovrYg==",
      "requires": {
        "sprintf-js": "^1.0.3",
        "util-deprecate": "^1.0.2"
      }
    },
    "upath": {
      "version": "1.1.2",
      "resolved": "https://registry.npmjs.org/upath/-/upath-1.1.2.tgz",
      "integrity": "sha512-kXpym8nmDmlCBr7nKdIx8P2jNBa+pBpIUFRnKJ4dr8htyYGJFokkr2ZvERRtUN+9SY+JqXouNgUPtv6JQva/2Q=="
    },
    "util-deprecate": {
      "version": "1.0.2",
      "resolved": "https://registry.npmjs.org/util-deprecate/-/util-deprecate-1.0.2.tgz",
      "integrity": "sha1-RQ1Nyfpw3nMnYvvS1KKJgUGaDM8="
    },
    "utils-define-read-only-property": {
      "version": "1.0.0",
      "resolved": "https://registry.npmjs.org/utils-define-read-only-property/-/utils-define-read-only-property-1.0.0.tgz",
      "integrity": "sha1-Ll21WssKnwb1yButn0JtDiT44W8="
    },
    "validate.io-array": {
      "version": "1.0.6",
      "resolved": "https://registry.npmjs.org/validate.io-array/-/validate.io-array-1.0.6.tgz",
      "integrity": "sha1-W1osr9j4uFq7L4hroVPy2Tond00="
    },
    "validate.io-array-like": {
      "version": "1.0.2",
      "resolved": "https://registry.npmjs.org/validate.io-array-like/-/validate.io-array-like-1.0.2.tgz",
      "integrity": "sha1-evn363tRcVvrIhVmjsXM5U+t21o=",
      "requires": {
        "const-max-uint32": "^1.0.2",
        "validate.io-integer-primitive": "^1.0.0"
      }
    },
    "validate.io-boolean-primitive": {
      "version": "1.0.0",
      "resolved": "https://registry.npmjs.org/validate.io-boolean-primitive/-/validate.io-boolean-primitive-1.0.0.tgz",
      "integrity": "sha1-uxTJy4aDw8nz0TKalad2jj7inrU="
    },
    "validate.io-integer-primitive": {
      "version": "1.0.0",
      "resolved": "https://registry.npmjs.org/validate.io-integer-primitive/-/validate.io-integer-primitive-1.0.0.tgz",
      "integrity": "sha1-qaoBA1X+hoHA/qbBp0rSQZyt3cY=",
      "requires": {
        "validate.io-number-primitive": "^1.0.0"
      }
    },
    "validate.io-number-primitive": {
      "version": "1.0.0",
      "resolved": "https://registry.npmjs.org/validate.io-number-primitive/-/validate.io-number-primitive-1.0.0.tgz",
      "integrity": "sha1-0uAfICmJNp3PEVVElWQgOv5YTlU="
    },
    "validate.io-object": {
      "version": "1.0.4",
      "resolved": "https://registry.npmjs.org/validate.io-object/-/validate.io-object-1.0.4.tgz",
      "integrity": "sha1-3KAezu45DhENvCr4Q8gfe/M6Qas=",
      "requires": {
        "validate.io-array": "^1.0.1"
      }
    },
    "validate.io-object-array": {
      "version": "1.0.0",
      "resolved": "https://registry.npmjs.org/validate.io-object-array/-/validate.io-object-array-1.0.0.tgz",
      "integrity": "sha1-mXr4SFERGvAf9drdwB+UyH8OUUM=",
      "requires": {
        "validate.io-array": "^1.0.3",
        "validate.io-object": "^1.0.3"
      }
    },
    "validate.io-string": {
      "version": "1.0.2",
      "resolved": "https://registry.npmjs.org/validate.io-string/-/validate.io-string-1.0.2.tgz",
      "integrity": "sha1-ur86Uoso5LnoAX4ygfx2ABrm3C8="
    },
    "validate.io-string-array": {
      "version": "1.0.0",
      "resolved": "https://registry.npmjs.org/validate.io-string-array/-/validate.io-string-array-1.0.0.tgz",
      "integrity": "sha1-5g5IAWctVlnjvJmk0QRPrwWh36M=",
      "requires": {
        "validate.io-array": "^1.0.3",
        "validate.io-string": "^1.0.2"
      }
    },
    "validate.io-string-primitive": {
      "version": "1.0.1",
      "resolved": "https://registry.npmjs.org/validate.io-string-primitive/-/validate.io-string-primitive-1.0.1.tgz",
      "integrity": "sha1-uBNbn7E3K94C/dU60dDM1t55j+4="
    }
  }
}
